PODS:
  - FluentDarkModeKit (1.0.1)
  - GRDB.swift (5.5.0):
    - GRDB.swift/standard (= 5.5.0)
  - GRDB.swift/standard (5.5.0)

DEPENDENCIES:
  - FluentDarkModeKit
  - GRDB.swift

SPEC REPOS:
  trunk:
    - FluentDarkModeKit
    - GRDB.swift

SPEC CHECKSUMS:
  FluentDarkModeKit: 0c5f31ca81eb058f3e8b6d79b3d08afbe7c40c42
  GRDB.swift: 10a3fda76720f3b5438e57d23455e2336226aa4d

PODFILE CHECKSUM: c10a02fa2c8a56120d45068fde71d3cd0b3cadbf

COCOAPODS: 1.10.1
