// !$*UTF8*$!
{
	archiveVersion = 1;
	classes = {
	};
	objectVersion = 51;
	objects = {

/* Begin PBXBuildFile section */
		630B25372601CF9D006EA813 /* BuriedPoint.swift in Sources */ = {isa = PBXBuildFile; fileRef = 630B25362601CF9D006EA813 /* BuriedPoint.swift */; };
		6338497025F9C9400003D3F9 /* Player.swift in Sources */ = {isa = PBXBuildFile; fileRef = 6338496F25F9C9400003D3F9 /* Player.swift */; };
		6339E6C125F21D21009D11FE /* OptionalExtensions.swift in Sources */ = {isa = PBXBuildFile; fileRef = 6339E6C025F21D21009D11FE /* OptionalExtensions.swift */; };
		6339E6C525F21D49009D11FE /* MError.swift in Sources */ = {isa = PBXBuildFile; fileRef = 6339E6C325F21D49009D11FE /* MError.swift */; };
		6339E6C625F21D49009D11FE /* Logger.swift in Sources */ = {isa = PBXBuildFile; fileRef = 6339E6C425F21D49009D11FE /* Logger.swift */; };
		635AE3E825FEF3A100B32449 /* DatabaseProtocol.swift in Sources */ = {isa = PBXBuildFile; fileRef = 635AE3E725FEF3A100B32449 /* DatabaseProtocol.swift */; };
		6375A4C2261F028D0016EE53 /* Colors.xcassets in Resources */ = {isa = PBXBuildFile; fileRef = 6375A4C1261F028D0016EE53 /* Colors.xcassets */; };
		6375A4D3261F09C10016EE53 /* AssetsImage.swift in Sources */ = {isa = PBXBuildFile; fileRef = 6375A4D1261F09C10016EE53 /* AssetsImage.swift */; };
		6375A4D4261F09C10016EE53 /* AssetsColor.swift in Sources */ = {isa = PBXBuildFile; fileRef = 6375A4D2261F09C10016EE53 /* AssetsColor.swift */; };
		637E8714260F2694003A5EA1 /* AttributeString.swift in Sources */ = {isa = PBXBuildFile; fileRef = 637E8712260F2694003A5EA1 /* AttributeString.swift */; };
		637E8715260F2694003A5EA1 /* README.md in Resources */ = {isa = PBXBuildFile; fileRef = 637E8713260F2694003A5EA1 /* README.md */; };
		6389CFBA25EF2EEE00826759 /* MethodSwizzling.swift in Sources */ = {isa = PBXBuildFile; fileRef = 6389CFB925EF2EEE00826759 /* MethodSwizzling.swift */; };
		63AB19CE25EF90E400FB51CC /* UIGestureRecognizer+Extension.swift in Sources */ = {isa = PBXBuildFile; fileRef = 63AB19CD25EF90E400FB51CC /* UIGestureRecognizer+Extension.swift */; };
		63AB1A0525F076AB00FB51CC /* NextViewController.swift in Sources */ = {isa = PBXBuildFile; fileRef = 63AB1A0425F076AB00FB51CC /* NextViewController.swift */; };
		63D5F8C725F8EA5400006BA8 /* DatabaseManager.swift in Sources */ = {isa = PBXBuildFile; fileRef = 63D5F8C625F8EA5400006BA8 /* DatabaseManager.swift */; };
		63EA23AF25EC891800F44502 /* AppDelegate.swift in Sources */ = {isa = PBXBuildFile; fileRef = 63EA23AE25EC891800F44502 /* AppDelegate.swift */; };
		63EA23B325EC891800F44502 /* ViewController.swift in Sources */ = {isa = PBXBuildFile; fileRef = 63EA23B225EC891800F44502 /* ViewController.swift */; };
		63EA23B625EC891800F44502 /* Main.storyboard in Resources */ = {isa = PBXBuildFile; fileRef = 63EA23B425EC891800F44502 /* Main.storyboard */; };
		63EA23B825EC891900F44502 /* Assets.xcassets in Resources */ = {isa = PBXBuildFile; fileRef = 63EA23B725EC891900F44502 /* Assets.xcassets */; };
		63EA23BB25EC891900F44502 /* LaunchScreen.storyboard in Resources */ = {isa = PBXBuildFile; fileRef = 63EA23B925EC891900F44502 /* LaunchScreen.storyboard */; };
		63F2F19C25F89C2900E75C16 /* FirstViewController.swift in Sources */ = {isa = PBXBuildFile; fileRef = 63F2F19B25F89C2900E75C16 /* FirstViewController.swift */; };
		E6BF3054889AA72022A37A79 /* libPods-SwiftiOS.a in Frameworks */ = {isa = PBXBuildFile; fileRef = D492D5762A7A08EE8988456C /* libPods-SwiftiOS.a */; };
/* End PBXBuildFile section */

/* Begin PBXFileReference section */
		2EECB60090EC03ED9BDB44E4 /* Pods-SwiftiOS.debug.xcconfig */ = {isa = PBXFileReference; includeInIndex = 1; lastKnownFileType = text.xcconfig; name = "Pods-SwiftiOS.debug.xcconfig"; path = "Target Support Files/Pods-SwiftiOS/Pods-SwiftiOS.debug.xcconfig"; sourceTree = "<group>"; };
		630B25362601CF9D006EA813 /* BuriedPoint.swift */ = {isa = PBXFileReference; lastKnownFileType = sourcecode.swift; path = BuriedPoint.swift; sourceTree = "<group>"; };
		6338496F25F9C9400003D3F9 /* Player.swift */ = {isa = PBXFileReference; lastKnownFileType = sourcecode.swift; path = Player.swift; sourceTree = "<group>"; };
		6339E6C025F21D21009D11FE /* OptionalExtensions.swift */ = {isa = PBXFileReference; fileEncoding = 4; lastKnownFileType = sourcecode.swift; path = OptionalExtensions.swift; sourceTree = "<group>"; };
		6339E6C325F21D49009D11FE /* MError.swift */ = {isa = PBXFileReference; fileEncoding = 4; lastKnownFileType = sourcecode.swift; path = MError.swift; sourceTree = "<group>"; };
		6339E6C425F21D49009D11FE /* Logger.swift */ = {isa = PBXFileReference; fileEncoding = 4; lastKnownFileType = sourcecode.swift; path = Logger.swift; sourceTree = "<group>"; };
		635AE3E725FEF3A100B32449 /* DatabaseProtocol.swift */ = {isa = PBXFileReference; lastKnownFileType = sourcecode.swift; path = DatabaseProtocol.swift; sourceTree = "<group>"; };
		6375A4C1261F028D0016EE53 /* Colors.xcassets */ = {isa = PBXFileReference; lastKnownFileType = folder.assetcatalog; path = Colors.xcassets; sourceTree = "<group>"; };
		6375A4D1261F09C10016EE53 /* AssetsImage.swift */ = {isa = PBXFileReference; fileEncoding = 4; lastKnownFileType = sourcecode.swift; path = AssetsImage.swift; sourceTree = "<group>"; };
		6375A4D2261F09C10016EE53 /* AssetsColor.swift */ = {isa = PBXFileReference; fileEncoding = 4; lastKnownFileType = sourcecode.swift; path = AssetsColor.swift; sourceTree = "<group>"; };
		637E8712260F2694003A5EA1 /* AttributeString.swift */ = {isa = PBXFileReference; fileEncoding = 4; lastKnownFileType = sourcecode.swift; path = AttributeString.swift; sourceTree = "<group>"; };
		637E8713260F2694003A5EA1 /* README.md */ = {isa = PBXFileReference; fileEncoding = 4; lastKnownFileType = net.daringfireball.markdown; path = README.md; sourceTree = "<group>"; };
		6389CFB925EF2EEE00826759 /* MethodSwizzling.swift */ = {isa = PBXFileReference; lastKnownFileType = sourcecode.swift; path = MethodSwizzling.swift; sourceTree = "<group>"; };
		63AB19CD25EF90E400FB51CC /* UIGestureRecognizer+Extension.swift */ = {isa = PBXFileReference; lastKnownFileType = sourcecode.swift; path = "UIGestureRecognizer+Extension.swift"; sourceTree = "<group>"; };
		63AB19D125EFA5A400FB51CC /* SwiftiOS-Bridging-Header.h */ = {isa = PBXFileReference; lastKnownFileType = sourcecode.c.h; path = "SwiftiOS-Bridging-Header.h"; sourceTree = "<group>"; };
		63AB1A0425F076AB00FB51CC /* NextViewController.swift */ = {isa = PBXFileReference; lastKnownFileType = sourcecode.swift; path = NextViewController.swift; sourceTree = "<group>"; };
		63D5F8C625F8EA5400006BA8 /* DatabaseManager.swift */ = {isa = PBXFileReference; lastKnownFileType = sourcecode.swift; path = DatabaseManager.swift; sourceTree = "<group>"; };
		63EA23AB25EC891800F44502 /* SwiftiOS.app */ = {isa = PBXFileReference; explicitFileType = wrapper.application; includeInIndex = 0; path = SwiftiOS.app; sourceTree = BUILT_PRODUCTS_DIR; };
		63EA23AE25EC891800F44502 /* AppDelegate.swift */ = {isa = PBXFileReference; lastKnownFileType = sourcecode.swift; path = AppDelegate.swift; sourceTree = "<group>"; };
		63EA23B225EC891800F44502 /* ViewController.swift */ = {isa = PBXFileReference; lastKnownFileType = sourcecode.swift; path = ViewController.swift; sourceTree = "<group>"; };
		63EA23B525EC891800F44502 /* Base */ = {isa = PBXFileReference; lastKnownFileType = file.storyboard; name = Base; path = Base.lproj/Main.storyboard; sourceTree = "<group>"; };
		63EA23B725EC891900F44502 /* Assets.xcassets */ = {isa = PBXFileReference; lastKnownFileType = folder.assetcatalog; path = Assets.xcassets; sourceTree = "<group>"; };
		63EA23BA25EC891900F44502 /* Base */ = {isa = PBXFileReference; lastKnownFileType = file.storyboard; name = Base; path = Base.lproj/LaunchScreen.storyboard; sourceTree = "<group>"; };
		63EA23BC25EC891900F44502 /* Info.plist */ = {isa = PBXFileReference; lastKnownFileType = text.plist.xml; path = Info.plist; sourceTree = "<group>"; };
		63F2F19B25F89C2900E75C16 /* FirstViewController.swift */ = {isa = PBXFileReference; lastKnownFileType = sourcecode.swift; path = FirstViewController.swift; sourceTree = "<group>"; };
		6DAA7F949CB001C8497C263B /* Pods-SwiftiOS.release.xcconfig */ = {isa = PBXFileReference; includeInIndex = 1; lastKnownFileType = text.xcconfig; name = "Pods-SwiftiOS.release.xcconfig"; path = "Target Support Files/Pods-SwiftiOS/Pods-SwiftiOS.release.xcconfig"; sourceTree = "<group>"; };
		D492D5762A7A08EE8988456C /* libPods-SwiftiOS.a */ = {isa = PBXFileReference; explicitFileType = archive.ar; includeInIndex = 0; path = "libPods-SwiftiOS.a"; sourceTree = BUILT_PRODUCTS_DIR; };
/* End PBXFileReference section */

/* Begin PBXFrameworksBuildPhase section */
		63EA23A825EC891800F44502 /* Frameworks */ = {
			isa = PBXFrameworksBuildPhase;
			buildActionMask = 2147483647;
			files = (
				E6BF3054889AA72022A37A79 /* libPods-SwiftiOS.a in Frameworks */,
			);
			runOnlyForDeploymentPostprocessing = 0;
		};
/* End PBXFrameworksBuildPhase section */

/* Begin PBXGroup section */
		630B25352601CF8A006EA813 /* BuriedPoint */ = {
			isa = PBXGroup;
			children = (
				6389CFB925EF2EEE00826759 /* MethodSwizzling.swift */,
				630B25362601CF9D006EA813 /* BuriedPoint.swift */,
			);
			path = BuriedPoint;
			sourceTree = "<group>";
		};
		6339E6BF25F21D18009D11FE /* Extensions */ = {
			isa = PBXGroup;
			children = (
				6339E6C025F21D21009D11FE /* OptionalExtensions.swift */,
			);
			path = Extensions;
			sourceTree = "<group>";
		};
		635AE3E625FEF37700B32449 /* DataBase */ = {
			isa = PBXGroup;
			children = (
				6338496F25F9C9400003D3F9 /* Player.swift */,
				63D5F8C625F8EA5400006BA8 /* DatabaseManager.swift */,
				635AE3E725FEF3A100B32449 /* DatabaseProtocol.swift */,
			);
			path = DataBase;
			sourceTree = "<group>";
		};
		6375A4B7261EFB5E0016EE53 /* Assets */ = {
			isa = PBXGroup;
			children = (
				6375A4D2261F09C10016EE53 /* AssetsColor.swift */,
				6375A4D1261F09C10016EE53 /* AssetsImage.swift */,
			);
			path = Assets;
			sourceTree = "<group>";
		};
		637E8711260F2694003A5EA1 /* AttributeString-master */ = {
			isa = PBXGroup;
			children = (
				637E8712260F2694003A5EA1 /* AttributeString.swift */,
				637E8713260F2694003A5EA1 /* README.md */,
			);
			path = "AttributeString-master";
			sourceTree = "<group>";
		};
		63AB19CB25EF8F0F00FB51CC /* ObjectiveC */ = {
			isa = PBXGroup;
			children = (
				63AB19CC25EF906D00FB51CC /* Category */,
				63AB19D125EFA5A400FB51CC /* SwiftiOS-Bridging-Header.h */,
			);
			path = ObjectiveC;
			sourceTree = "<group>";
		};
		63AB19CC25EF906D00FB51CC /* Category */ = {
			isa = PBXGroup;
			children = (
			);
			path = Category;
			sourceTree = "<group>";
		};
		63EA23A225EC891800F44502 = {
			isa = PBXGroup;
			children = (
				63EA23AD25EC891800F44502 /* SwiftiOS */,
				63EA23AC25EC891800F44502 /* Products */,
				DF4918B7C2C90F6D2FDC00F7 /* Pods */,
				EC8E31ADEAA063342BDF51CC /* Frameworks */,
			);
			sourceTree = "<group>";
		};
		63EA23AC25EC891800F44502 /* Products */ = {
			isa = PBXGroup;
			children = (
				63EA23AB25EC891800F44502 /* SwiftiOS.app */,
			);
			name = Products;
			sourceTree = "<group>";
		};
		63EA23AD25EC891800F44502 /* SwiftiOS */ = {
			isa = PBXGroup;
			children = (
				6375A4B7261EFB5E0016EE53 /* Assets */,
				637E8711260F2694003A5EA1 /* AttributeString-master */,
				630B25352601CF8A006EA813 /* BuriedPoint */,
				635AE3E625FEF37700B32449 /* DataBase */,
				6339E6BF25F21D18009D11FE /* Extensions */,
				63EA23AE25EC891800F44502 /* AppDelegate.swift */,
				63EA23B225EC891800F44502 /* ViewController.swift */,
				63F2F19A25F89C1900E75C16 /* PointDemo */,
				6339E6C425F21D49009D11FE /* Logger.swift */,
				6339E6C325F21D49009D11FE /* MError.swift */,
				63AB19CB25EF8F0F00FB51CC /* ObjectiveC */,
				63AB19CD25EF90E400FB51CC /* UIGestureRecognizer+Extension.swift */,
				63EA23B425EC891800F44502 /* Main.storyboard */,
				63EA23B725EC891900F44502 /* Assets.xcassets */,
				6375A4C1261F028D0016EE53 /* Colors.xcassets */,
				63EA23B925EC891900F44502 /* LaunchScreen.storyboard */,
				63EA23BC25EC891900F44502 /* Info.plist */,
			);
			path = SwiftiOS;
			sourceTree = "<group>";
		};
		63F2F19A25F89C1900E75C16 /* PointDemo */ = {
			isa = PBXGroup;
			children = (
				63AB1A0425F076AB00FB51CC /* NextViewController.swift */,
				63F2F19B25F89C2900E75C16 /* FirstViewController.swift */,
			);
			path = PointDemo;
			sourceTree = "<group>";
		};
		DF4918B7C2C90F6D2FDC00F7 /* Pods */ = {
			isa = PBXGroup;
			children = (
				2EECB60090EC03ED9BDB44E4 /* Pods-SwiftiOS.debug.xcconfig */,
				6DAA7F949CB001C8497C263B /* Pods-SwiftiOS.release.xcconfig */,
			);
			path = Pods;
			sourceTree = "<group>";
		};
		EC8E31ADEAA063342BDF51CC /* Frameworks */ = {
			isa = PBXGroup;
			children = (
				D492D5762A7A08EE8988456C /* libPods-SwiftiOS.a */,
			);
			name = Frameworks;
			sourceTree = "<group>";
		};
/* End PBXGroup section */

/* Begin PBXNativeTarget section */
		63EA23AA25EC891800F44502 /* SwiftiOS */ = {
			isa = PBXNativeTarget;
			buildConfigurationList = 63EA23BF25EC891900F44502 /* Build configuration list for PBXNativeTarget "SwiftiOS" */;
			buildPhases = (
				76ECE6C5B2A8F1919C3D719D /* [CP] Check Pods Manifest.lock */,
				63EA23A725EC891800F44502 /* Sources */,
				63EA23A825EC891800F44502 /* Frameworks */,
				63EA23A925EC891800F44502 /* Resources */,
				D3550C5AF4F42BD0695B7136 /* [CP] Copy Pods Resources */,
			);
			buildRules = (
			);
			dependencies = (
			);
			name = SwiftiOS;
			productName = SwiftiOS;
			productReference = 63EA23AB25EC891800F44502 /* SwiftiOS.app */;
			productType = "com.apple.product-type.application";
		};
/* End PBXNativeTarget section */

/* Begin PBXProject section */
		63EA23A325EC891800F44502 /* Project object */ = {
			isa = PBXProject;
			attributes = {
				LastSwiftUpdateCheck = 1240;
				LastUpgradeCheck = 1240;
				TargetAttributes = {
					63EA23AA25EC891800F44502 = {
						CreatedOnToolsVersion = 12.4;
						LastSwiftMigration = 1240;
					};
				};
			};
			buildConfigurationList = 63EA23A625EC891800F44502 /* Build configuration list for PBXProject "SwiftiOS" */;
			compatibilityVersion = "Xcode 9.3";
			developmentRegion = en;
			hasScannedForEncodings = 0;
			knownRegions = (
				en,
				Base,
			);
			mainGroup = 63EA23A225EC891800F44502;
			productRefGroup = 63EA23AC25EC891800F44502 /* Products */;
			projectDirPath = "";
			projectRoot = "";
			targets = (
				63EA23AA25EC891800F44502 /* SwiftiOS */,
			);
		};
/* End PBXProject section */

/* Begin PBXResourcesBuildPhase section */
		63EA23A925EC891800F44502 /* Resources */ = {
			isa = PBXResourcesBuildPhase;
			buildActionMask = 2147483647;
			files = (
				6375A4C2261F028D0016EE53 /* Colors.xcassets in Resources */,
				63EA23BB25EC891900F44502 /* LaunchScreen.storyboard in Resources */,
				63EA23B825EC891900F44502 /* Assets.xcassets in Resources */,
				637E8715260F2694003A5EA1 /* README.md in Resources */,
				63EA23B625EC891800F44502 /* Main.storyboard in Resources */,
			);
			runOnlyForDeploymentPostprocessing = 0;
		};
/* End PBXResourcesBuildPhase section */

/* Begin PBXShellScriptBuildPhase section */
		76ECE6C5B2A8F1919C3D719D /* [CP] Check Pods Manifest.lock */ = {
			isa = PBXShellScriptBuildPhase;
			buildActionMask = 2147483647;
			files = (
			);
			inputFileListPaths = (
			);
			inputPaths = (
				"${PODS_PODFILE_DIR_PATH}/Podfile.lock",
				"${PODS_ROOT}/Manifest.lock",
			);
			name = "[CP] Check Pods Manifest.lock";
			outputFileListPaths = (
			);
			outputPaths = (
				"$(DERIVED_FILE_DIR)/Pods-SwiftiOS-checkManifestLockResult.txt",
			);
			runOnlyForDeploymentPostprocessing = 0;
			shellPath = /bin/sh;
			shellScript = "diff \"${PODS_PODFILE_DIR_PATH}/Podfile.lock\" \"${PODS_ROOT}/Manifest.lock\" > /dev/null\nif [ $? != 0 ] ; then\n    # print error to STDERR\n    echo \"error: The sandbox is not in sync with the Podfile.lock. Run 'pod install' or update your CocoaPods installation.\" >&2\n    exit 1\nfi\n# This output is used by Xcode 'outputs' to avoid re-running this script phase.\necho \"SUCCESS\" > \"${SCRIPT_OUTPUT_FILE_0}\"\n";
			showEnvVarsInLog = 0;
		};
		D3550C5AF4F42BD0695B7136 /* [CP] Copy Pods Resources */ = {
			isa = PBXShellScriptBuildPhase;
			buildActionMask = 2147483647;
			files = (
			);
			inputFileListPaths = (
				"${PODS_ROOT}/Target Support Files/Pods-SwiftiOS/Pods-SwiftiOS-resources-${CONFIGURATION}-input-files.xcfilelist",
			);
			name = "[CP] Copy Pods Resources";
			outputFileListPaths = (
				"${PODS_ROOT}/Target Support Files/Pods-SwiftiOS/Pods-SwiftiOS-resources-${CONFIGURATION}-output-files.xcfilelist",
			);
			runOnlyForDeploymentPostprocessing = 0;
			shellPath = /bin/sh;
			shellScript = "\"${PODS_ROOT}/Target Support Files/Pods-SwiftiOS/Pods-SwiftiOS-resources.sh\"\n";
			showEnvVarsInLog = 0;
		};
/* End PBXShellScriptBuildPhase section */

/* Begin PBXSourcesBuildPhase section */
		63EA23A725EC891800F44502 /* Sources */ = {
			isa = PBXSourcesBuildPhase;
			buildActionMask = 2147483647;
			files = (
				630B25372601CF9D006EA813 /* BuriedPoint.swift in Sources */,
				6338497025F9C9400003D3F9 /* Player.swift in Sources */,
				63F2F19C25F89C2900E75C16 /* FirstViewController.swift in Sources */,
				6339E6C125F21D21009D11FE /* OptionalExtensions.swift in Sources */,
				63D5F8C725F8EA5400006BA8 /* DatabaseManager.swift in Sources */,
				635AE3E825FEF3A100B32449 /* DatabaseProtocol.swift in Sources */,
				63AB1A0525F076AB00FB51CC /* NextViewController.swift in Sources */,
				6339E6C525F21D49009D11FE /* MError.swift in Sources */,
				63EA23B325EC891800F44502 /* ViewController.swift in Sources */,
				63EA23AF25EC891800F44502 /* AppDelegate.swift in Sources */,
				6389CFBA25EF2EEE00826759 /* MethodSwizzling.swift in Sources */,
				637E8714260F2694003A5EA1 /* AttributeString.swift in Sources */,
				6339E6C625F21D49009D11FE /* Logger.swift in Sources */,
				63AB19CE25EF90E400FB51CC /* UIGestureRecognizer+Extension.swift in Sources */,
				6375A4D4261F09C10016EE53 /* AssetsColor.swift in Sources */,
				6375A4D3261F09C10016EE53 /* AssetsImage.swift in Sources */,
			);
			runOnlyForDeploymentPostprocessing = 0;
		};
/* End PBXSourcesBuildPhase section */

/* Begin PBXVariantGroup section */
		63EA23B425EC891800F44502 /* Main.storyboard */ = {
			isa = PBXVariantGroup;
			children = (
				63EA23B525EC891800F44502 /* Base */,
			);
			name = Main.storyboard;
			sourceTree = "<group>";
		};
		63EA23B925EC891900F44502 /* LaunchScreen.storyboard */ = {
			isa = PBXVariantGroup;
			children = (
				63EA23BA25EC891900F44502 /* Base */,
			);
			name = LaunchScreen.storyboard;
			sourceTree = "<group>";
		};
/* End PBXVariantGroup section */

/* Begin XCBuildConfiguration section */
		63EA23BD25EC891900F44502 /* Debug */ = {
			isa = XCBuildConfiguration;
			buildSettings = {
				ALWAYS_SEARCH_USER_PATHS = NO;
				CLANG_ANALYZER_NONNULL = YES;
				CLANG_ANALYZER_NUMBER_OBJECT_CONVERSION = YES_AGGRESSIVE;
				CLANG_CXX_LANGUAGE_STANDARD = "gnu++14";
				CLANG_CXX_LIBRARY = "libc++";
				CLANG_ENABLE_MODULES = YES;
				CLANG_ENABLE_OBJC_ARC = YES;
				CLANG_ENABLE_OBJC_WEAK = YES;
				CLANG_WARN_BLOCK_CAPTURE_AUTORELEASING = YES;
				CLANG_WARN_BOOL_CONVERSION = YES;
				CLANG_WARN_COMMA = YES;
				CLANG_WARN_CONSTANT_CONVERSION = YES;
				CLANG_WARN_DEPRECATED_OBJC_IMPLEMENTATIONS = YES;
				CLANG_WARN_DIRECT_OBJC_ISA_USAGE = YES_ERROR;
				CLANG_WARN_DOCUMENTATION_COMMENTS = YES;
				CLANG_WARN_EMPTY_BODY = YES;
				CLANG_WARN_ENUM_CONVERSION = YES;
				CLANG_WARN_INFINITE_RECURSION = YES;
				CLANG_WARN_INT_CONVERSION = YES;
				CLANG_WARN_NON_LITERAL_NULL_CONVERSION = YES;
				CLANG_WARN_OBJC_IMPLICIT_RETAIN_SELF = YES;
				CLANG_WARN_OBJC_LITERAL_CONVERSION = YES;
				CLANG_WARN_OBJC_ROOT_CLASS = YES_ERROR;
				CLANG_WARN_QUOTED_INCLUDE_IN_FRAMEWORK_HEADER = YES;
				CLANG_WARN_RANGE_LOOP_ANALYSIS = YES;
				CLANG_WARN_STRICT_PROTOTYPES = YES;
				CLANG_WARN_SUSPICIOUS_MOVE = YES;
				CLANG_WARN_UNGUARDED_AVAILABILITY = YES_AGGRESSIVE;
				CLANG_WARN_UNREACHABLE_CODE = YES;
				CLANG_WARN__DUPLICATE_METHOD_MATCH = YES;
				COPY_PHASE_STRIP = NO;
				DEBUG_INFORMATION_FORMAT = dwarf;
				ENABLE_STRICT_OBJC_MSGSEND = YES;
				ENABLE_TESTABILITY = YES;
				GCC_C_LANGUAGE_STANDARD = gnu11;
				GCC_DYNAMIC_NO_PIC = NO;
				GCC_NO_COMMON_BLOCKS = YES;
				GCC_OPTIMIZATION_LEVEL = 0;
				GCC_PREPROCESSOR_DEFINITIONS = (
					"DEBUG=1",
					"$(inherited)",
				);
				GCC_WARN_64_TO_32_BIT_CONVERSION = YES;
				GCC_WARN_ABOUT_RETURN_TYPE = YES_ERROR;
				GCC_WARN_UNDECLARED_SELECTOR = YES;
				GCC_WARN_UNINITIALIZED_AUTOS = YES_AGGRESSIVE;
				GCC_WARN_UNUSED_FUNCTION = YES;
				GCC_WARN_UNUSED_VARIABLE = YES;
				IPHONEOS_DEPLOYMENT_TARGET = 14.4;
				MTL_ENABLE_DEBUG_INFO = INCLUDE_SOURCE;
				MTL_FAST_MATH = YES;
				ONLY_ACTIVE_ARCH = YES;
				SDKROOT = iphoneos;
				SWIFT_ACTIVE_COMPILATION_CONDITIONS = DEBUG;
				SWIFT_OPTIMIZATION_LEVEL = "-Onone";
			};
			name = Debug;
		};
		63EA23BE25EC891900F44502 /* Release */ = {
			isa = XCBuildConfiguration;
			buildSettings = {
				ALWAYS_SEARCH_USER_PATHS = NO;
				CLANG_ANALYZER_NONNULL = YES;
				CLANG_ANALYZER_NUMBER_OBJECT_CONVERSION = YES_AGGRESSIVE;
				CLANG_CXX_LANGUAGE_STANDARD = "gnu++14";
				CLANG_CXX_LIBRARY = "libc++";
				CLANG_ENABLE_MODULES = YES;
				CLANG_ENABLE_OBJC_ARC = YES;
				CLANG_ENABLE_OBJC_WEAK = YES;
				CLANG_WARN_BLOCK_CAPTURE_AUTORELEASING = YES;
				CLANG_WARN_BOOL_CONVERSION = YES;
				CLANG_WARN_COMMA = YES;
				CLANG_WARN_CONSTANT_CONVERSION = YES;
				CLANG_WARN_DEPRECATED_OBJC_IMPLEMENTATIONS = YES;
				CLANG_WARN_DIRECT_OBJC_ISA_USAGE = YES_ERROR;
				CLANG_WARN_DOCUMENTATION_COMMENTS = YES;
				CLANG_WARN_EMPTY_BODY = YES;
				CLANG_WARN_ENUM_CONVERSION = YES;
				CLANG_WARN_INFINITE_RECURSION = YES;
				CLANG_WARN_INT_CONVERSION = YES;
				CLANG_WARN_NON_LITERAL_NULL_CONVERSION = YES;
				CLANG_WARN_OBJC_IMPLICIT_RETAIN_SELF = YES;
				CLANG_WARN_OBJC_LITERAL_CONVERSION = YES;
				CLANG_WARN_OBJC_ROOT_CLASS = YES_ERROR;
				CLANG_WARN_QUOTED_INCLUDE_IN_FRAMEWORK_HEADER = YES;
				CLANG_WARN_RANGE_LOOP_ANALYSIS = YES;
				CLANG_WARN_STRICT_PROTOTYPES = YES;
				CLANG_WARN_SUSPICIOUS_MOVE = YES;
				CLANG_WARN_UNGUARDED_AVAILABILITY = YES_AGGRESSIVE;
				CLANG_WARN_UNREACHABLE_CODE = YES;
				CLANG_WARN__DUPLICATE_METHOD_MATCH = YES;
				COPY_PHASE_STRIP = NO;
				DEBUG_INFORMATION_FORMAT = "dwarf-with-dsym";
				ENABLE_NS_ASSERTIONS = NO;
				ENABLE_STRICT_OBJC_MSGSEND = YES;
				GCC_C_LANGUAGE_STANDARD = gnu11;
				GCC_NO_COMMON_BLOCKS = YES;
				GCC_WARN_64_TO_32_BIT_CONVERSION = YES;
				GCC_WARN_ABOUT_RETURN_TYPE = YES_ERROR;
				GCC_WARN_UNDECLARED_SELECTOR = YES;
				GCC_WARN_UNINITIALIZED_AUTOS = YES_AGGRESSIVE;
				GCC_WARN_UNUSED_FUNCTION = YES;
				GCC_WARN_UNUSED_VARIABLE = YES;
				IPHONEOS_DEPLOYMENT_TARGET = 14.4;
				MTL_ENABLE_DEBUG_INFO = NO;
				MTL_FAST_MATH = YES;
				SDKROOT = iphoneos;
				SWIFT_COMPILATION_MODE = wholemodule;
				SWIFT_OPTIMIZATION_LEVEL = "-O";
				VALIDATE_PRODUCT = YES;
			};
			name = Release;
		};
		63EA23C025EC891900F44502 /* Debug */ = {
			isa = XCBuildConfiguration;
			baseConfigurationReference = 2EECB60090EC03ED9BDB44E4 /* Pods-SwiftiOS.debug.xcconfig */;
			buildSettings = {
				ASSETCATALOG_COMPILER_APPICON_NAME = AppIcon;
				ASSETCATALOG_COMPILER_GLOBAL_ACCENT_COLOR_NAME = AccentColor;
				CLANG_ENABLE_MODULES = YES;
				CODE_SIGN_STYLE = Automatic;
				INFOPLIST_FILE = SwiftiOS/Info.plist;
				IPHONEOS_DEPLOYMENT_TARGET = 12.1;
				LD_RUNPATH_SEARCH_PATHS = (
					"$(inherited)",
					"@executable_path/Frameworks",
				);
				PRODUCT_BUNDLE_IDENTIFIER = com.HL.lian.SwiftiOS;
				PRODUCT_NAME = "$(TARGET_NAME)";
				SWIFT_OBJC_BRIDGING_HEADER = "SwiftiOS/ObjectiveC/SwiftiOS-Bridging-Header.h";
				SWIFT_OPTIMIZATION_LEVEL = "-Onone";
				SWIFT_VERSION = 5.0;
				TARGETED_DEVICE_FAMILY = "1,2";
			};
			name = Debug;
		};
		63EA23C125EC891900F44502 /* Release */ = {
			isa = XCBuildConfiguration;
			baseConfigurationReference = 6DAA7F949CB001C8497C263B /* Pods-SwiftiOS.release.xcconfig */;
			buildSettings = {
				ASSETCATALOG_COMPILER_APPICON_NAME = AppIcon;
				ASSETCATALOG_COMPILER_GLOBAL_ACCENT_COLOR_NAME = AccentColor;
				CLANG_ENABLE_MODULES = YES;
				CODE_SIGN_STYLE = Automatic;
				INFOPLIST_FILE = SwiftiOS/Info.plist;
				IPHONEOS_DEPLOYMENT_TARGET = 12.1;
				LD_RUNPATH_SEARCH_PATHS = (
					"$(inherited)",
					"@executable_path/Frameworks",
				);
				PRODUCT_BUNDLE_IDENTIFIER = com.HL.lian.SwiftiOS;
				PRODUCT_NAME = "$(TARGET_NAME)";
				SWIFT_OBJC_BRIDGING_HEADER = "SwiftiOS/ObjectiveC/SwiftiOS-Bridging-Header.h";
				SWIFT_VERSION = 5.0;
				TARGETED_DEVICE_FAMILY = "1,2";
			};
			name = Release;
		};
/* End XCBuildConfiguration section */

/* Begin XCConfigurationList section */
		63EA23A625EC891800F44502 /* Build configuration list for PBXProject "SwiftiOS" */ = {
			isa = XCConfigurationList;
			buildConfigurations = (
				63EA23BD25EC891900F44502 /* Debug */,
				63EA23BE25EC891900F44502 /* Release */,
			);
			defaultConfigurationIsVisible = 0;
			defaultConfigurationName = Release;
		};
		63EA23BF25EC891900F44502 /* Build configuration list for PBXNativeTarget "SwiftiOS" */ = {
			isa = XCConfigurationList;
			buildConfigurations = (
				63EA23C025EC891900F44502 /* Debug */,
				63EA23C125EC891900F44502 /* Release */,
			);
			defaultConfigurationIsVisible = 0;
			defaultConfigurationName = Release;
		};
/* End XCConfigurationList section */
	};
	rootObject = 63EA23A325EC891800F44502 /* Project object */;
}
